
Microsoft Visual Studio Solution File, Format Version 12.00
# Visual Studio 15
VisualStudioVersion = 15.0.28307.106
MinimumVisualStudioVersion = 10.0.40219.1
Project("{FAE04EC0-301F-11D3-BF4B-00C04F79EFBC}") = "PoliciesApp.Tests", "PolizasApp.Tests\PoliciesApp.Tests.csproj", "{805C6D74-1979-4DB3-B5BE-68D36A816A8B}"
EndProject
Project("{FAE04EC0-301F-11D3-BF4B-00C04F79EFBC}") = "PoliciesApp.Entities", "PoliciesApp.Entities\PoliciesApp.Entities.csproj", "{40A142F9-409F-4F81-B46A-B753D90A7FB1}"
EndProject
Project("{FAE04EC0-301F-11D3-BF4B-00C04F79EFBC}") = "PoliciesApp.Services", "PoliciesApp.Services\PoliciesApp.Services.csproj", "{928E48C5-C773-4F57-92CD-7B3FA8DF0789}"
EndProject
Project("{FAE04EC0-301F-11D3-BF4B-00C04F79EFBC}") = "PoliciesApp.Repositories", "PoliciesApp.Repositories\PoliciesApp.Repositories.csproj", "{D1B7F4C3-A2B1-432C-85F0-EBE53C503FB0}"
EndProject
Project("{FAE04EC0-301F-11D3-BF4B-00C04F79EFBC}") = "PoliciesApp", "PoliciesApp\PoliciesApp.csproj", "{C809D214-5E9F-4BFB-AFAF-2261B9F08926}"
EndProject
Global
	GlobalSection(SolutionConfigurationPlatforms) = preSolution
		Debug|Any CPU = Debug|Any CPU
		Debug|ARM = Debug|ARM
		Debug|ARM64 = Debug|ARM64
		Debug|x64 = Debug|x64
		Debug|x86 = Debug|x86
		Release|Any CPU = Release|Any CPU
		Release|ARM = Release|ARM
		Release|ARM64 = Release|ARM64
		Release|x64 = Release|x64
		Release|x86 = Release|x86
	EndGlobalSection
	GlobalSection(ProjectConfigurationPlatforms) = postSolution
		{805C6D74-1979-4DB3-B5BE-68D36A816A8B}.Debug|Any CPU.ActiveCfg = Debug|Any CPU
		{805C6D74-1979-4DB3-B5BE-68D36A816A8B}.Debug|Any CPU.Build.0 = Debug|Any CPU
		{805C6D74-1979-4DB3-B5BE-68D36A816A8B}.Debug|ARM.ActiveCfg = Debug|Any CPU
		{805C6D74-1979-4DB3-B5BE-68D36A816A8B}.Debug|ARM.Build.0 = Debug|Any CPU
		{805C6D74-1979-4DB3-B5BE-68D36A816A8B}.Debug|ARM64.ActiveCfg = Debug|Any CPU
		{805C6D74-1979-4DB3-B5BE-68D36A816A8B}.Debug|ARM64.Build.0 = Debug|Any CPU
		{805C6D74-1979-4DB3-B5BE-68D36A816A8B}.Debug|x64.ActiveCfg = Debug|Any CPU
		{805C6D74-1979-4DB3-B5BE-68D36A816A8B}.Debug|x64.Build.0 = Debug|Any CPU
		{805C6D74-1979-4DB3-B5BE-68D36A816A8B}.Debug|x86.ActiveCfg = Debug|Any CPU
		{805C6D74-1979-4DB3-B5BE-68D36A816A8B}.Debug|x86.Build.0 = Debug|Any CPU
		{805C6D74-1979-4DB3-B5BE-68D36A816A8B}.Release|Any CPU.ActiveCfg = Release|Any CPU
		{805C6D74-1979-4DB3-B5BE-68D36A816A8B}.Release|Any CPU.Build.0 = Release|Any CPU
		{805C6D74-1979-4DB3-B5BE-68D36A816A8B}.Release|ARM.ActiveCfg = Release|Any CPU
		{805C6D74-1979-4DB3-B5BE-68D36A816A8B}.Release|ARM.Build.0 = Release|Any CPU
		{805C6D74-1979-4DB3-B5BE-68D36A816A8B}.Release|ARM64.ActiveCfg = Release|Any CPU
		{805C6D74-1979-4DB3-B5BE-68D36A816A8B}.Release|ARM64.Build.0 = Release|Any CPU
		{805C6D74-1979-4DB3-B5BE-68D36A816A8B}.Release|x64.ActiveCfg = Release|Any CPU
		{805C6D74-1979-4DB3-B5BE-68D36A816A8B}.Release|x64.Build.0 = Release|Any CPU
		{805C6D74-1979-4DB3-B5BE-68D36A816A8B}.Release|x86.ActiveCfg = Release|Any CPU
		{805C6D74-1979-4DB3-B5BE-68D36A816A8B}.Release|x86.Build.0 = Release|Any CPU
		{40A142F9-409F-4F81-B46A-B753D90A7FB1}.Debug|Any CPU.ActiveCfg = Debug|Any CPU
		{40A142F9-409F-4F81-B46A-B753D90A7FB1}.Debug|Any CPU.Build.0 = Debug|Any CPU
		{40A142F9-409F-4F81-B46A-B753D90A7FB1}.Debug|ARM.ActiveCfg = Debug|Any CPU
		{40A142F9-409F-4F81-B46A-B753D90A7FB1}.Debug|ARM.Build.0 = Debug|Any CPU
		{40A142F9-409F-4F81-B46A-B753D90A7FB1}.Debug|ARM64.ActiveCfg = Debug|Any CPU
		{40A142F9-409F-4F81-B46A-B753D90A7FB1}.Debug|ARM64.Build.0 = Debug|Any CPU
		{40A142F9-409F-4F81-B46A-B753D90A7FB1}.Debug|x64.ActiveCfg = Debug|Any CPU
		{40A142F9-409F-4F81-B46A-B753D90A7FB1}.Debug|x64.Build.0 = Debug|Any CPU
		{40A142F9-409F-4F81-B46A-B753D90A7FB1}.Debug|x86.ActiveCfg = Debug|Any CPU
		{40A142F9-409F-4F81-B46A-B753D90A7FB1}.Debug|x86.Build.0 = Debug|Any CPU
		{40A142F9-409F-4F81-B46A-B753D90A7FB1}.Release|Any CPU.ActiveCfg = Release|Any CPU
		{40A142F9-409F-4F81-B46A-B753D90A7FB1}.Release|Any CPU.Build.0 = Release|Any CPU
		{40A142F9-409F-4F81-B46A-B753D90A7FB1}.Release|ARM.ActiveCfg = Release|Any CPU
		{40A142F9-409F-4F81-B46A-B753D90A7FB1}.Release|ARM.Build.0 = Release|Any CPU
		{40A142F9-409F-4F81-B46A-B753D90A7FB1}.Release|ARM64.ActiveCfg = Release|Any CPU
		{40A142F9-409F-4F81-B46A-B753D90A7FB1}.Release|ARM64.Build.0 = Release|Any CPU
		{40A142F9-409F-4F81-B46A-B753D90A7FB1}.Release|x64.ActiveCfg = Release|Any CPU
		{40A142F9-409F-4F81-B46A-B753D90A7FB1}.Release|x64.Build.0 = Release|Any CPU
		{40A142F9-409F-4F81-B46A-B753D90A7FB1}.Release|x86.ActiveCfg = Release|Any CPU
		{40A142F9-409F-4F81-B46A-B753D90A7FB1}.Release|x86.Build.0 = Release|Any CPU
		{928E48C5-C773-4F57-92CD-7B3FA8DF0789}.Debug|Any CPU.ActiveCfg = Debug|Any CPU
		{928E48C5-C773-4F57-92CD-7B3FA8DF0789}.Debug|Any CPU.Build.0 = Debug|Any CPU
		{928E48C5-C773-4F57-92CD-7B3FA8DF0789}.Debug|ARM.ActiveCfg = Debug|Any CPU
		{928E48C5-C773-4F57-92CD-7B3FA8DF0789}.Debug|ARM.Build.0 = Debug|Any CPU
		{928E48C5-C773-4F57-92CD-7B3FA8DF0789}.Debug|ARM64.ActiveCfg = Debug|Any CPU
		{928E48C5-C773-4F57-92CD-7B3FA8DF0789}.Debug|ARM64.Build.0 = Debug|Any CPU
		{928E48C5-C773-4F57-92CD-7B3FA8DF0789}.Debug|x64.ActiveCfg = Debug|Any CPU
		{928E48C5-C773-4F57-92CD-7B3FA8DF0789}.Debug|x64.Build.0 = Debug|Any CPU
		{928E48C5-C773-4F57-92CD-7B3FA8DF0789}.Debug|x86.ActiveCfg = Debug|Any CPU
		{928E48C5-C773-4F57-92CD-7B3FA8DF0789}.Debug|x86.Build.0 = Debug|Any CPU
		{928E48C5-C773-4F57-92CD-7B3FA8DF0789}.Release|Any CPU.ActiveCfg = Release|Any CPU
		{928E48C5-C773-4F57-92CD-7B3FA8DF0789}.Release|Any CPU.Build.0 = Release|Any CPU
		{928E48C5-C773-4F57-92CD-7B3FA8DF0789}.Release|ARM.ActiveCfg = Release|Any CPU
		{928E48C5-C773-4F57-92CD-7B3FA8DF0789}.Release|ARM.Build.0 = Release|Any CPU
		{928E48C5-C773-4F57-92CD-7B3FA8DF0789}.Release|ARM64.ActiveCfg = Release|Any CPU
		{928E48C5-C773-4F57-92CD-7B3FA8DF0789}.Release|ARM64.Build.0 = Release|Any CPU
		{928E48C5-C773-4F57-92CD-7B3FA8DF0789}.Release|x64.ActiveCfg = Release|Any CPU
		{928E48C5-C773-4F57-92CD-7B3FA8DF0789}.Release|x64.Build.0 = Release|Any CPU
		{928E48C5-C773-4F57-92CD-7B3FA8DF0789}.Release|x86.ActiveCfg = Release|Any CPU
		{928E48C5-C773-4F57-92CD-7B3FA8DF0789}.Release|x86.Build.0 = Release|Any CPU
		{D1B7F4C3-A2B1-432C-85F0-EBE53C503FB0}.Debug|Any CPU.ActiveCfg = Debug|Any CPU
		{D1B7F4C3-A2B1-432C-85F0-EBE53C503FB0}.Debug|Any CPU.Build.0 = Debug|Any CPU
		{D1B7F4C3-A2B1-432C-85F0-EBE53C503FB0}.Debug|ARM.ActiveCfg = Debug|Any CPU
		{D1B7F4C3-A2B1-432C-85F0-EBE53C503FB0}.Debug|ARM.Build.0 = Debug|Any CPU
		{D1B7F4C3-A2B1-432C-85F0-EBE53C503FB0}.Debug|ARM64.ActiveCfg = Debug|Any CPU
		{D1B7F4C3-A2B1-432C-85F0-EBE53C503FB0}.Debug|ARM64.Build.0 = Debug|Any CPU
		{D1B7F4C3-A2B1-432C-85F0-EBE53C503FB0}.Debug|x64.ActiveCfg = Debug|Any CPU
		{D1B7F4C3-A2B1-432C-85F0-EBE53C503FB0}.Debug|x64.Build.0 = Debug|Any CPU
		{D1B7F4C3-A2B1-432C-85F0-EBE53C503FB0}.Debug|x86.ActiveCfg = Debug|Any CPU
		{D1B7F4C3-A2B1-432C-85F0-EBE53C503FB0}.Debug|x86.Build.0 = Debug|Any CPU
		{D1B7F4C3-A2B1-432C-85F0-EBE53C503FB0}.Release|Any CPU.ActiveCfg = Release|Any CPU
		{D1B7F4C3-A2B1-432C-85F0-EBE53C503FB0}.Release|Any CPU.Build.0 = Release|Any CPU
		{D1B7F4C3-A2B1-432C-85F0-EBE53C503FB0}.Release|ARM.ActiveCfg = Release|Any CPU
		{D1B7F4C3-A2B1-432C-85F0-EBE53C503FB0}.Release|ARM.Build.0 = Release|Any CPU
		{D1B7F4C3-A2B1-432C-85F0-EBE53C503FB0}.Release|ARM64.ActiveCfg = Release|Any CPU
		{D1B7F4C3-A2B1-432C-85F0-EBE53C503FB0}.Release|ARM64.Build.0 = Release|Any CPU
		{D1B7F4C3-A2B1-432C-85F0-EBE53C503FB0}.Release|x64.ActiveCfg = Release|Any CPU
		{D1B7F4C3-A2B1-432C-85F0-EBE53C503FB0}.Release|x64.Build.0 = Release|Any CPU
		{D1B7F4C3-A2B1-432C-85F0-EBE53C503FB0}.Release|x86.ActiveCfg = Release|Any CPU
		{D1B7F4C3-A2B1-432C-85F0-EBE53C503FB0}.Release|x86.Build.0 = Release|Any CPU
		{C809D214-5E9F-4BFB-AFAF-2261B9F08926}.Debug|Any CPU.ActiveCfg = Debug|Any CPU
		{C809D214-5E9F-4BFB-AFAF-2261B9F08926}.Debug|Any CPU.Build.0 = Debug|Any CPU
		{C809D214-5E9F-4BFB-AFAF-2261B9F08926}.Debug|ARM.ActiveCfg = Debug|Any CPU
		{C809D214-5E9F-4BFB-AFAF-2261B9F08926}.Debug|ARM.Build.0 = Debug|Any CPU
		{C809D214-5E9F-4BFB-AFAF-2261B9F08926}.Debug|ARM64.ActiveCfg = Debug|Any CPU
		{C809D214-5E9F-4BFB-AFAF-2261B9F08926}.Debug|ARM64.Build.0 = Debug|Any CPU
		{C809D214-5E9F-4BFB-AFAF-2261B9F08926}.Debug|x64.ActiveCfg = Debug|Any CPU
		{C809D214-5E9F-4BFB-AFAF-2261B9F08926}.Debug|x64.Build.0 = Debug|Any CPU
		{C809D214-5E9F-4BFB-AFAF-2261B9F08926}.Debug|x86.ActiveCfg = Debug|Any CPU
		{C809D214-5E9F-4BFB-AFAF-2261B9F08926}.Debug|x86.Build.0 = Debug|Any CPU
		{C809D214-5E9F-4BFB-AFAF-2261B9F08926}.Release|Any CPU.ActiveCfg = Release|Any CPU
		{C809D214-5E9F-4BFB-AFAF-2261B9F08926}.Release|Any CPU.Build.0 = Release|Any CPU
		{C809D214-5E9F-4BFB-AFAF-2261B9F08926}.Release|ARM.ActiveCfg = Release|Any CPU
		{C809D214-5E9F-4BFB-AFAF-2261B9F08926}.Release|ARM.Build.0 = Release|Any CPU
		{C809D214-5E9F-4BFB-AFAF-2261B9F08926}.Release|ARM64.ActiveCfg = Release|Any CPU
		{C809D214-5E9F-4BFB-AFAF-2261B9F08926}.Release|ARM64.Build.0 = Release|Any CPU
		{C809D214-5E9F-4BFB-AFAF-2261B9F08926}.Release|x64.ActiveCfg = Release|Any CPU
		{C809D214-5E9F-4BFB-AFAF-2261B9F08926}.Release|x64.Build.0 = Release|Any CPU
		{C809D214-5E9F-4BFB-AFAF-2261B9F08926}.Release|x86.ActiveCfg = Release|Any CPU
		{C809D214-5E9F-4BFB-AFAF-2261B9F08926}.Release|x86.Build.0 = Release|Any CPU
	EndGlobalSection
	GlobalSection(SolutionProperties) = preSolution
		HideSolutionNode = FALSE
	EndGlobalSection
	GlobalSection(ExtensibilityGlobals) = postSolution
		SolutionGuid = {13D5414F-9B9F-4738-95EE-95F322586B95}
	EndGlobalSection
EndGlobal
